
Microsoft Visual Studio Solution File, Format Version 12.00
# Visual Studio Version 17
VisualStudioVersion = 17.10.35013.160
MinimumVisualStudioVersion = 10.0.40219.1
Project("{FAE04EC0-301F-11D3-BF4B-00C04F79EFBC}") = "CrudP", "CrudP\CrudP.csproj", "{62F8EAD3-C174-40C4-8BB9-10C088B543BD}"
EndProject
Global
	GlobalSection(SolutionConfigurationPlatforms) = preSolution
		Debug|Any CPU = Debug|Any CPU
		Release|Any CPU = Release|Any CPU
	EndGlobalSection
	GlobalSection(ProjectConfigurationPlatforms) = postSolution
		{62F8EAD3-C174-40C4-8BB9-10C088B543BD}.Debug|Any CPU.ActiveCfg = Debug|Any CPU
		{62F8EAD3-C174-40C4-8BB9-10C088B543BD}.Debug|Any CPU.Build.0 = Debug|Any CPU
		{62F8EAD3-C174-40C4-8BB9-10C088B543BD}.Release|Any CPU.ActiveCfg = Release|Any CPU
		{62F8EAD3-C174-40C4-8BB9-10C088B543BD}.Release|Any CPU.Build.0 = Release|Any CPU
	EndGlobalSection
	GlobalSection(SolutionProperties) = preSolution
		HideSolutionNode = FALSE
	EndGlobalSection
	GlobalSection(ExtensibilityGlobals) = postSolution
		SolutionGuid = {5D7D6CA4-8681-4B5D-9637-A019EA2B50D6}
	EndGlobalSection
EndGlobal
